
Microsoft Visual Studio Solution File, Format Version 12.00
# Visual Studio Version 18
VisualStudioVersion = 18.4.11605.240 stable
MinimumVisualStudioVersion = 10.0.40219.1
Project("{FAE04EC0-301F-11D3-BF4B-00C04F79EFBC}") = "JobAppTracker.API", "JobAppTracker.API\JobAppTracker.API.csproj", "{71DBB600-4D43-4E74-B4C4-A18F5E0BFEF3}"
EndProject
Project("{FAE04EC0-301F-11D3-BF4B-00C04F79EFBC}") = "JobAppTracker.Domain", "JobAppTracker.Domain\JobAppTracker.Domain.csproj", "{AA8F15D4-4063-4BE0-BEB8-9DA654D9698F}"
EndProject
Project("{FAE04EC0-301F-11D3-BF4B-00C04F79EFBC}") = "JobAppTracker.Application", "JobAppTracker.Application\JobAppTracker.Application.csproj", "{9C121E17-F403-413F-A941-ADF799A87B07}"
EndProject
Project("{FAE04EC0-301F-11D3-BF4B-00C04F79EFBC}") = "JobAppTracker.Infrastructure", "JobAppTracker.Infrastructure\JobAppTracker.Infrastructure.csproj", "{2BBFE65D-6F3B-4378-A808-EE36ADA01850}"
EndProject
Global
	GlobalSection(SolutionConfigurationPlatforms) = preSolution
		Debug|Any CPU = Debug|Any CPU
		Release|Any CPU = Release|Any CPU
	EndGlobalSection
	GlobalSection(ProjectConfigurationPlatforms) = postSolution
		{71DBB600-4D43-4E74-B4C4-A18F5E0BFEF3}.Debug|Any CPU.ActiveCfg = Debug|Any CPU
		{71DBB600-4D43-4E74-B4C4-A18F5E0BFEF3}.Debug|Any CPU.Build.0 = Debug|Any CPU
		{71DBB600-4D43-4E74-B4C4-A18F5E0BFEF3}.Release|Any CPU.ActiveCfg = Release|Any CPU
		{71DBB600-4D43-4E74-B4C4-A18F5E0BFEF3}.Release|Any CPU.Build.0 = Release|Any CPU
		{AA8F15D4-4063-4BE0-BEB8-9DA654D9698F}.Debug|Any CPU.ActiveCfg = Debug|Any CPU
		{AA8F15D4-4063-4BE0-BEB8-9DA654D9698F}.Debug|Any CPU.Build.0 = Debug|Any CPU
		{AA8F15D4-4063-4BE0-BEB8-9DA654D9698F}.Release|Any CPU.ActiveCfg = Release|Any CPU
		{AA8F15D4-4063-4BE0-BEB8-9DA654D9698F}.Release|Any CPU.Build.0 = Release|Any CPU
		{9C121E17-F403-413F-A941-ADF799A87B07}.Debug|Any CPU.ActiveCfg = Debug|Any CPU
		{9C121E17-F403-413F-A941-ADF799A87B07}.Debug|Any CPU.Build.0 = Debug|Any CPU
		{9C121E17-F403-413F-A941-ADF799A87B07}.Release|Any CPU.ActiveCfg = Release|Any CPU
		{9C121E17-F403-413F-A941-ADF799A87B07}.Release|Any CPU.Build.0 = Release|Any CPU
		{2BBFE65D-6F3B-4378-A808-EE36ADA01850}.Debug|Any CPU.ActiveCfg = Debug|Any CPU
		{2BBFE65D-6F3B-4378-A808-EE36ADA01850}.Debug|Any CPU.Build.0 = Debug|Any CPU
		{2BBFE65D-6F3B-4378-A808-EE36ADA01850}.Release|Any CPU.ActiveCfg = Release|Any CPU
		{2BBFE65D-6F3B-4378-A808-EE36ADA01850}.Release|Any CPU.Build.0 = Release|Any CPU
	EndGlobalSection
	GlobalSection(SolutionProperties) = preSolution
		HideSolutionNode = FALSE
	EndGlobalSection
	GlobalSection(ExtensibilityGlobals) = postSolution
		SolutionGuid = {CC01C91D-C5AA-4C48-848B-FFD1841D15C8}
	EndGlobalSection
EndGlobal
